{
  "name": "node-http",
  "version": "1.0.0",
  "lockfileVersion": 2,
  "requires": true,
  "packages": {
    "": {
      "name": "node-http",
      "version": "1.0.0",
      "dependencies": {
        "node-http": "file:"
      }
    },
    "node_modules/node-http": {
      "resolved": "",
      "link": true
    }
  },
  "dependencies": {
    "node-http": {
      "version": "file:",
      "requires": {
        "node-http": "file:"
      }
    }
  }
}
