{
  "name": "node-express",
  "version": "1.0.0",
  "lockfileVersion": 2,
  "requires": true,
  "packages": {
    "": {
      "name": "node-express",
      "version": "1.0.0",
      "dependencies": {
        "node-express": "file:"
      }
    },
    "node_modules/node-express": {
      "resolved": "",
      "link": true
    }
  },
  "dependencies": {
    "node-express": {
      "version": "file:",
      "requires": {
        "node-express": "file:"
      }
    }
  }
}
